
Microsoft Visual Studio Solution File, Format Version 12.00
# Visual Studio Version 16
VisualStudioVersion = 16.0.30503.244
MinimumVisualStudioVersion = 10.0.40219.1
Project("{FAE04EC0-301F-11D3-BF4B-00C04F79EFBC}") = "Lab2", "Lab2\Lab2.csproj", "{FF862165-008E-44B5-8D65-45C4B9825884}"
EndProject
Global
	GlobalSection(SolutionConfigurationPlatforms) = preSolution
		Debug|Any CPU = Debug|Any CPU
		Release|Any CPU = Release|Any CPU
	EndGlobalSection
	GlobalSection(ProjectConfigurationPlatforms) = postSolution
		{FF862165-008E-44B5-8D65-45C4B9825884}.Debug|Any CPU.ActiveCfg = Debug|Any CPU
		{FF862165-008E-44B5-8D65-45C4B9825884}.Debug|Any CPU.Build.0 = Debug|Any CPU
		{FF862165-008E-44B5-8D65-45C4B9825884}.Release|Any CPU.ActiveCfg = Release|Any CPU
		{FF862165-008E-44B5-8D65-45C4B9825884}.Release|Any CPU.Build.0 = Release|Any CPU
	EndGlobalSection
	GlobalSection(SolutionProperties) = preSolution
		HideSolutionNode = FALSE
	EndGlobalSection
	GlobalSection(ExtensibilityGlobals) = postSolution
		SolutionGuid = {4C22C9A3-1996-4BB8-A3F8-611D871D3E0C}
	EndGlobalSection
EndGlobal
